// !$*UTF8*$!
{
	archiveVersion = 1;
	classes = {
	};
	objectVersion = 46;
	objects = {

/* Begin PBXBuildFile section */
		58EB9BCD1B2528430063B1AE /* main.m in Sources */ = {isa = PBXBuildFile; fileRef = 58EB9BCC1B2528430063B1AE /* main.m */; };
		58EB9BD81B2528430063B1AE /* Images.xcassets in Resources */ = {isa = PBXBuildFile; fileRef = 58EB9BD71B2528430063B1AE /* Images.xcassets */; };
		58EB9BE71B2528430063B1AE /* QQMenuProjTests.m in Sources */ = {isa = PBXBuildFile; fileRef = 58EB9BE61B2528430063B1AE /* QQMenuProjTests.m */; };
		58EB9BF61B2528620063B1AE /* SGMNavigationController.m in Sources */ = {isa = PBXBuildFile; fileRef = 58EB9BF11B2528620063B1AE /* SGMNavigationController.m */; };
		58EB9BF71B2528620063B1AE /* LeftMenuViewController.m in Sources */ = {isa = PBXBuildFile; fileRef = 58EB9BF31B2528620063B1AE /* LeftMenuViewController.m */; };
		58EB9BF81B2528620063B1AE /* RightMenuViewController.m in Sources */ = {isa = PBXBuildFile; fileRef = 58EB9BF51B2528620063B1AE /* RightMenuViewController.m */; };
		58EB9C001B25286B0063B1AE /* backImg.jpg in Resources */ = {isa = PBXBuildFile; fileRef = 58EB9BF91B25286A0063B1AE /* backImg.jpg */; };
		58EB9C011B25286B0063B1AE /* AppDelegate.m in Sources */ = {isa = PBXBuildFile; fileRef = 58EB9BFB1B25286B0063B1AE /* AppDelegate.m */; };
		58EB9C021B25286B0063B1AE /* ViewController.m in Sources */ = {isa = PBXBuildFile; fileRef = 58EB9BFD1B25286B0063B1AE /* ViewController.m */; };
/* End PBXBuildFile section */

/* Begin PBXContainerItemProxy section */
		58EB9BE11B2528430063B1AE /* PBXContainerItemProxy */ = {
			isa = PBXContainerItemProxy;
			containerPortal = 58EB9BBF1B2528430063B1AE /* Project object */;
			proxyType = 1;
			remoteGlobalIDString = 58EB9BC61B2528430063B1AE;
			remoteInfo = QQMenuProj;
		};
/* End PBXContainerItemProxy section */

/* Begin PBXFileReference section */
		58EB9BC71B2528430063B1AE /* QQMenuProj.app */ = {isa = PBXFileReference; explicitFileType = wrapper.application; includeInIndex = 0; path = QQMenuProj.app; sourceTree = BUILT_PRODUCTS_DIR; };
		58EB9BCB1B2528430063B1AE /* Info.plist */ = {isa = PBXFileReference; lastKnownFileType = text.plist.xml; path = Info.plist; sourceTree = "<group>"; };
		58EB9BCC1B2528430063B1AE /* main.m */ = {isa = PBXFileReference; lastKnownFileType = sourcecode.c.objc; path = main.m; sourceTree = "<group>"; };
		58EB9BD71B2528430063B1AE /* Images.xcassets */ = {isa = PBXFileReference; lastKnownFileType = folder.assetcatalog; path = Images.xcassets; sourceTree = "<group>"; };
		58EB9BE01B2528430063B1AE /* QQMenuProjTests.xctest */ = {isa = PBXFileReference; explicitFileType = wrapper.cfbundle; includeInIndex = 0; path = QQMenuProjTests.xctest; sourceTree = BUILT_PRODUCTS_DIR; };
		58EB9BE51B2528430063B1AE /* Info.plist */ = {isa = PBXFileReference; lastKnownFileType = text.plist.xml; path = Info.plist; sourceTree = "<group>"; };
		58EB9BE61B2528430063B1AE /* QQMenuProjTests.m */ = {isa = PBXFileReference; lastKnownFileType = sourcecode.c.objc; path = QQMenuProjTests.m; sourceTree = "<group>"; };
		58EB9BF01B2528620063B1AE /* SGMNavigationController.h */ = {isa = PBXFileReference; fileEncoding = 4; lastKnownFileType = sourcecode.c.h; path = SGMNavigationController.h; sourceTree = "<group>"; };
		58EB9BF11B2528620063B1AE /* SGMNavigationController.m */ = {isa = PBXFileReference; fileEncoding = 4; lastKnownFileType = sourcecode.c.objc; path = SGMNavigationController.m; sourceTree = "<group>"; };
		58EB9BF21B2528620063B1AE /* LeftMenuViewController.h */ = {isa = PBXFileReference; fileEncoding = 4; lastKnownFileType = sourcecode.c.h; path = LeftMenuViewController.h; sourceTree = "<group>"; };
		58EB9BF31B2528620063B1AE /* LeftMenuViewController.m */ = {isa = PBXFileReference; fileEncoding = 4; lastKnownFileType = sourcecode.c.objc; path = LeftMenuViewController.m; sourceTree = "<group>"; };
		58EB9BF41B2528620063B1AE /* RightMenuViewController.h */ = {isa = PBXFileReference; fileEncoding = 4; lastKnownFileType = sourcecode.c.h; path = RightMenuViewController.h; sourceTree = "<group>"; };
		58EB9BF51B2528620063B1AE /* RightMenuViewController.m */ = {isa = PBXFileReference; fileEncoding = 4; lastKnownFileType = sourcecode.c.objc; path = RightMenuViewController.m; sourceTree = "<group>"; };
		58EB9BF91B25286A0063B1AE /* backImg.jpg */ = {isa = PBXFileReference; lastKnownFileType = image.jpeg; path = backImg.jpg; sourceTree = "<group>"; };
		58EB9BFA1B25286B0063B1AE /* AppDelegate.h */ = {isa = PBXFileReference; fileEncoding = 4; lastKnownFileType = sourcecode.c.h; path = AppDelegate.h; sourceTree = "<group>"; };
		58EB9BFB1B25286B0063B1AE /* AppDelegate.m */ = {isa = PBXFileReference; fileEncoding = 4; lastKnownFileType = sourcecode.c.objc; path = AppDelegate.m; sourceTree = "<group>"; };
		58EB9BFC1B25286B0063B1AE /* ViewController.h */ = {isa = PBXFileReference; fileEncoding = 4; lastKnownFileType = sourcecode.c.h; path = ViewController.h; sourceTree = "<group>"; };
		58EB9BFD1B25286B0063B1AE /* ViewController.m */ = {isa = PBXFileReference; fileEncoding = 4; lastKnownFileType = sourcecode.c.objc; path = ViewController.m; sourceTree = "<group>"; };
/* End PBXFileReference section */

/* Begin PBXFrameworksBuildPhase section */
		58EB9BC41B2528430063B1AE /* Frameworks */ = {
			isa = PBXFrameworksBuildPhase;
			buildActionMask = 2147483647;
			files = (
			);
			runOnlyForDeploymentPostprocessing = 0;
		};
		58EB9BDD1B2528430063B1AE /* Frameworks */ = {
			isa = PBXFrameworksBuildPhase;
			buildActionMask = 2147483647;
			files = (
			);
			runOnlyForDeploymentPostprocessing = 0;
		};
/* End PBXFrameworksBuildPhase section */

/* Begin PBXGroup section */
		58EB9BBE1B2528430063B1AE = {
			isa = PBXGroup;
			children = (
				58EB9BC91B2528430063B1AE /* QQMenuProj */,
				58EB9BE31B2528430063B1AE /* QQMenuProjTests */,
				58EB9BC81B2528430063B1AE /* Products */,
			);
			sourceTree = "<group>";
		};
		58EB9BC81B2528430063B1AE /* Products */ = {
			isa = PBXGroup;
			children = (
				58EB9BC71B2528430063B1AE /* QQMenuProj.app */,
				58EB9BE01B2528430063B1AE /* QQMenuProjTests.xctest */,
			);
			name = Products;
			sourceTree = "<group>";
		};
		58EB9BC91B2528430063B1AE /* QQMenuProj */ = {
			isa = PBXGroup;
			children = (
				58EB9BF01B2528620063B1AE /* SGMNavigationController.h */,
				58EB9BF11B2528620063B1AE /* SGMNavigationController.m */,
				58EB9BF21B2528620063B1AE /* LeftMenuViewController.h */,
				58EB9BF31B2528620063B1AE /* LeftMenuViewController.m */,
				58EB9BF41B2528620063B1AE /* RightMenuViewController.h */,
				58EB9BF51B2528620063B1AE /* RightMenuViewController.m */,
				58EB9BD71B2528430063B1AE /* Images.xcassets */,
				58EB9BCA1B2528430063B1AE /* Supporting Files */,
			);
			path = QQMenuProj;
			sourceTree = "<group>";
		};
		58EB9BCA1B2528430063B1AE /* Supporting Files */ = {
			isa = PBXGroup;
			children = (
				58EB9BF91B25286A0063B1AE /* backImg.jpg */,
				58EB9BFA1B25286B0063B1AE /* AppDelegate.h */,
				58EB9BFB1B25286B0063B1AE /* AppDelegate.m */,
				58EB9BFC1B25286B0063B1AE /* ViewController.h */,
				58EB9BFD1B25286B0063B1AE /* ViewController.m */,
				58EB9BCB1B2528430063B1AE /* Info.plist */,
				58EB9BCC1B2528430063B1AE /* main.m */,
			);
			name = "Supporting Files";
			sourceTree = "<group>";
		};
		58EB9BE31B2528430063B1AE /* QQMenuProjTests */ = {
			isa = PBXGroup;
			children = (
				58EB9BE61B2528430063B1AE /* QQMenuProjTests.m */,
				58EB9BE41B2528430063B1AE /* Supporting Files */,
			);
			path = QQMenuProjTests;
			sourceTree = "<group>";
		};
		58EB9BE41B2528430063B1AE /* Supporting Files */ = {
			isa = PBXGroup;
			children = (
				58EB9BE51B2528430063B1AE /* Info.plist */,
			);
			name = "Supporting Files";
			sourceTree = "<group>";
		};
/* End PBXGroup section */

/* Begin PBXNativeTarget section */
		58EB9BC61B2528430063B1AE /* QQMenuProj */ = {
			isa = PBXNativeTarget;
			buildConfigurationList = 58EB9BEA1B2528430063B1AE /* Build configuration list for PBXNativeTarget "QQMenuProj" */;
			buildPhases = (
				58EB9BC31B2528430063B1AE /* Sources */,
				58EB9BC41B2528430063B1AE /* Frameworks */,
				58EB9BC51B2528430063B1AE /* Resources */,
			);
			buildRules = (
			);
			dependencies = (
			);
			name = QQMenuProj;
			productName = QQMenuProj;
			productReference = 58EB9BC71B2528430063B1AE /* QQMenuProj.app */;
			productType = "com.apple.product-type.application";
		};
		58EB9BDF1B2528430063B1AE /* QQMenuProjTests */ = {
			isa = PBXNativeTarget;
			buildConfigurationList = 58EB9BED1B2528430063B1AE /* Build configuration list for PBXNativeTarget "QQMenuProjTests" */;
			buildPhases = (
				58EB9BDC1B2528430063B1AE /* Sources */,
				58EB9BDD1B2528430063B1AE /* Frameworks */,
				58EB9BDE1B2528430063B1AE /* Resources */,
			);
			buildRules = (
			);
			dependencies = (
				58EB9BE21B2528430063B1AE /* PBXTargetDependency */,
			);
			name = QQMenuProjTests;
			productName = QQMenuProjTests;
			productReference = 58EB9BE01B2528430063B1AE /* QQMenuProjTests.xctest */;
			productType = "com.apple.product-type.bundle.unit-test";
		};
/* End PBXNativeTarget section */

/* Begin PBXProject section */
		58EB9BBF1B2528430063B1AE /* Project object */ = {
			isa = PBXProject;
			attributes = {
				LastUpgradeCheck = 0630;
				ORGANIZATIONNAME = guimingsu;
				TargetAttributes = {
					58EB9BC61B2528430063B1AE = {
						CreatedOnToolsVersion = 6.3.2;
					};
					58EB9BDF1B2528430063B1AE = {
						CreatedOnToolsVersion = 6.3.2;
						TestTargetID = 58EB9BC61B2528430063B1AE;
					};
				};
			};
			buildConfigurationList = 58EB9BC21B2528430063B1AE /* Build configuration list for PBXProject "QQMenuProj" */;
			compatibilityVersion = "Xcode 3.2";
			developmentRegion = English;
			hasScannedForEncodings = 0;
			knownRegions = (
				en,
				Base,
			);
			mainGroup = 58EB9BBE1B2528430063B1AE;
			productRefGroup = 58EB9BC81B2528430063B1AE /* Products */;
			projectDirPath = "";
			projectRoot = "";
			targets = (
				58EB9BC61B2528430063B1AE /* QQMenuProj */,
				58EB9BDF1B2528430063B1AE /* QQMenuProjTests */,
			);
		};
/* End PBXProject section */

/* Begin PBXResourcesBuildPhase section */
		58EB9BC51B2528430063B1AE /* Resources */ = {
			isa = PBXResourcesBuildPhase;
			buildActionMask = 2147483647;
			files = (
				58EB9C001B25286B0063B1AE /* backImg.jpg in Resources */,
				58EB9BD81B2528430063B1AE /* Images.xcassets in Resources */,
			);
			runOnlyForDeploymentPostprocessing = 0;
		};
		58EB9BDE1B2528430063B1AE /* Resources */ = {
			isa = PBXResourcesBuildPhase;
			buildActionMask = 2147483647;
			files = (
			);
			runOnlyForDeploymentPostprocessing = 0;
		};
/* End PBXResourcesBuildPhase section */

/* Begin PBXSourcesBuildPhase section */
		58EB9BC31B2528430063B1AE /* Sources */ = {
			isa = PBXSourcesBuildPhase;
			buildActionMask = 2147483647;
			files = (
				58EB9C021B25286B0063B1AE /* ViewController.m in Sources */,
				58EB9BCD1B2528430063B1AE /* main.m in Sources */,
				58EB9BF71B2528620063B1AE /* LeftMenuViewController.m in Sources */,
				58EB9BF81B2528620063B1AE /* RightMenuViewController.m in Sources */,
				58EB9BF61B2528620063B1AE /* SGMNavigationController.m in Sources */,
				58EB9C011B25286B0063B1AE /* AppDelegate.m in Sources */,
			);
			runOnlyForDeploymentPostprocessing = 0;
		};
		58EB9BDC1B2528430063B1AE /* Sources */ = {
			isa = PBXSourcesBuildPhase;
			buildActionMask = 2147483647;
			files = (
				58EB9BE71B2528430063B1AE /* QQMenuProjTests.m in Sources */,
			);
			runOnlyForDeploymentPostprocessing = 0;
		};
/* End PBXSourcesBuildPhase section */

/* Begin PBXTargetDependency section */
		58EB9BE21B2528430063B1AE /* PBXTargetDependency */ = {
			isa = PBXTargetDependency;
			target = 58EB9BC61B2528430063B1AE /* QQMenuProj */;
			targetProxy = 58EB9BE11B2528430063B1AE /* PBXContainerItemProxy */;
		};
/* End PBXTargetDependency section */

/* Begin XCBuildConfiguration section */
		58EB9BE81B2528430063B1AE /* Debug */ = {
			isa = XCBuildConfiguration;
			buildSettings = {
				ALWAYS_SEARCH_USER_PATHS = NO;
				CLANG_CXX_LANGUAGE_STANDARD = "gnu++0x";
				CLANG_CXX_LIBRARY = "libc++";
				CLANG_ENABLE_MODULES = YES;
				CLANG_ENABLE_OBJC_ARC = YES;
				CLANG_WARN_BOOL_CONVERSION = YES;
				CLANG_WARN_CONSTANT_CONVERSION = YES;
				CLANG_WARN_DIRECT_OBJC_ISA_USAGE = YES_ERROR;
				CLANG_WARN_EMPTY_BODY = YES;
				CLANG_WARN_ENUM_CONVERSION = YES;
				CLANG_WARN_INT_CONVERSION = YES;
				CLANG_WARN_OBJC_ROOT_CLASS = YES_ERROR;
				CLANG_WARN_UNREACHABLE_CODE = YES;
				CLANG_WARN__DUPLICATE_METHOD_MATCH = YES;
				"CODE_SIGN_IDENTITY[sdk=iphoneos*]" = "iPhone Developer";
				COPY_PHASE_STRIP = NO;
				DEBUG_INFORMATION_FORMAT = "dwarf-with-dsym";
				ENABLE_STRICT_OBJC_MSGSEND = YES;
				GCC_C_LANGUAGE_STANDARD = gnu99;
				GCC_DYNAMIC_NO_PIC = NO;
				GCC_NO_COMMON_BLOCKS = YES;
				GCC_OPTIMIZATION_LEVEL = 0;
				GCC_PREPROCESSOR_DEFINITIONS = (
					"DEBUG=1",
					"$(inherited)",
				);
				GCC_SYMBOLS_PRIVATE_EXTERN = NO;
				GCC_WARN_64_TO_32_BIT_CONVERSION = YES;
				GCC_WARN_ABOUT_RETURN_TYPE = YES_ERROR;
				GCC_WARN_UNDECLARED_SELECTOR = YES;
				GCC_WARN_UNINITIALIZED_AUTOS = YES_AGGRESSIVE;
				GCC_WARN_UNUSED_FUNCTION = YES;
				GCC_WARN_UNUSED_VARIABLE = YES;
				IPHONEOS_DEPLOYMENT_TARGET = 8.3;
				MTL_ENABLE_DEBUG_INFO = YES;
				ONLY_ACTIVE_ARCH = YES;
				SDKROOT = iphoneos;
			};
			name = Debug;
		};
		58EB9BE91B2528430063B1AE /* Release */ = {
			isa = XCBuildConfiguration;
			buildSettings = {
				ALWAYS_SEARCH_USER_PATHS = NO;
				CLANG_CXX_LANGUAGE_STANDARD = "gnu++0x";
				CLANG_CXX_LIBRARY = "libc++";
				CLANG_ENABLE_MODULES = YES;
				CLANG_ENABLE_OBJC_ARC = YES;
				CLANG_WARN_BOOL_CONVERSION = YES;
				CLANG_WARN_CONSTANT_CONVERSION = YES;
				CLANG_WARN_DIRECT_OBJC_ISA_USAGE = YES_ERROR;
				CLANG_WARN_EMPTY_BODY = YES;
				CLANG_WARN_ENUM_CONVERSION = YES;
				CLANG_WARN_INT_CONVERSION = YES;
				CLANG_WARN_OBJC_ROOT_CLASS = YES_ERROR;
				CLANG_WARN_UNREACHABLE_CODE = YES;
				CLANG_WARN__DUPLICATE_METHOD_MATCH = YES;
				"CODE_SIGN_IDENTITY[sdk=iphoneos*]" = "iPhone Developer";
				COPY_PHASE_STRIP = NO;
				DEBUG_INFORMATION_FORMAT = "dwarf-with-dsym";
				ENABLE_NS_ASSERTIONS = NO;
				ENABLE_STRICT_OBJC_MSGSEND = YES;
				GCC_C_LANGUAGE_STANDARD = gnu99;
				GCC_NO_COMMON_BLOCKS = YES;
				GCC_WARN_64_TO_32_BIT_CONVERSION = YES;
				GCC_WARN_ABOUT_RETURN_TYPE = YES_ERROR;
				GCC_WARN_UNDECLARED_SELECTOR = YES;
				GCC_WARN_UNINITIALIZED_AUTOS = YES_AGGRESSIVE;
				GCC_WARN_UNUSED_FUNCTION = YES;
				GCC_WARN_UNUSED_VARIABLE = YES;
				IPHONEOS_DEPLOYMENT_TARGET = 8.3;
				MTL_ENABLE_DEBUG_INFO = NO;
				SDKROOT = iphoneos;
				VALIDATE_PRODUCT = YES;
			};
			name = Release;
		};
		58EB9BEB1B2528430063B1AE /* Debug */ = {
			isa = XCBuildConfiguration;
			buildSettings = {
				ASSETCATALOG_COMPILER_APPICON_NAME = AppIcon;
				INFOPLIST_FILE = QQMenuProj/Info.plist;
				LD_RUNPATH_SEARCH_PATHS = "$(inherited) @executable_path/Frameworks";
				PRODUCT_NAME = "$(TARGET_NAME)";
			};
			name = Debug;
		};
		58EB9BEC1B2528430063B1AE /* Release */ = {
			isa = XCBuildConfiguration;
			buildSettings = {
				ASSETCATALOG_COMPILER_APPICON_NAME = AppIcon;
				INFOPLIST_FILE = QQMenuProj/Info.plist;
				LD_RUNPATH_SEARCH_PATHS = "$(inherited) @executable_path/Frameworks";
				PRODUCT_NAME = "$(TARGET_NAME)";
			};
			name = Release;
		};
		58EB9BEE1B2528430063B1AE /* Debug */ = {
			isa = XCBuildConfiguration;
			buildSettings = {
				BUNDLE_LOADER = "$(TEST_HOST)";
				FRAMEWORK_SEARCH_PATHS = (
					"$(SDKROOT)/Developer/Library/Frameworks",
					"$(inherited)",
				);
				GCC_PREPROCESSOR_DEFINITIONS = (
					"DEBUG=1",
					"$(inherited)",
				);
				INFOPLIST_FILE = QQMenuProjTests/Info.plist;
				LD_RUNPATH_SEARCH_PATHS = "$(inherited) @executable_path/Frameworks @loader_path/Frameworks";
				PRODUCT_NAME = "$(TARGET_NAME)";
				TEST_HOST = "$(BUILT_PRODUCTS_DIR)/QQMenuProj.app/QQMenuProj";
			};
			name = Debug;
		};
		58EB9BEF1B2528430063B1AE /* Release */ = {
			isa = XCBuildConfiguration;
			buildSettings = {
				BUNDLE_LOADER = "$(TEST_HOST)";
				FRAMEWORK_SEARCH_PATHS = (
					"$(SDKROOT)/Developer/Library/Frameworks",
					"$(inherited)",
				);
				INFOPLIST_FILE = QQMenuProjTests/Info.plist;
				LD_RUNPATH_SEARCH_PATHS = "$(inherited) @executable_path/Frameworks @loader_path/Frameworks";
				PRODUCT_NAME = "$(TARGET_NAME)";
				TEST_HOST = "$(BUILT_PRODUCTS_DIR)/QQMenuProj.app/QQMenuProj";
			};
			name = Release;
		};
/* End XCBuildConfiguration section */

/* Begin XCConfigurationList section */
		58EB9BC21B2528430063B1AE /* Build configuration list for PBXProject "QQMenuProj" */ = {
			isa = XCConfigurationList;
			buildConfigurations = (
				58EB9BE81B2528430063B1AE /* Debug */,
				58EB9BE91B2528430063B1AE /* Release */,
			);
			defaultConfigurationIsVisible = 0;
			defaultConfigurationName = Release;
		};
		58EB9BEA1B2528430063B1AE /* Build configuration list for PBXNativeTarget "QQMenuProj" */ = {
			isa = XCConfigurationList;
			buildConfigurations = (
				58EB9BEB1B2528430063B1AE /* Debug */,
				58EB9BEC1B2528430063B1AE /* Release */,
			);
			defaultConfigurationIsVisible = 0;
		};
		58EB9BED1B2528430063B1AE /* Build configuration list for PBXNativeTarget "QQMenuProjTests" */ = {
			isa = XCConfigurationList;
			buildConfigurations = (
				58EB9BEE1B2528430063B1AE /* Debug */,
				58EB9BEF1B2528430063B1AE /* Release */,
			);
			defaultConfigurationIsVisible = 0;
		};
/* End XCConfigurationList section */
	};
	rootObject = 58EB9BBF1B2528430063B1AE /* Project object */;
}
